
Microsoft Visual Studio Solution File, Format Version 12.00
# Visual Studio Version 16
VisualStudioVersion = 16.0.29102.190
MinimumVisualStudioVersion = 10.0.40219.1
Project("{FAE04EC0-301F-11D3-BF4B-00C04F79EFBC}") = "NestedLoops", "NestedLoops\NestedLoops.csproj", "{690FB083-FCD4-4F0D-8432-E2856EACD6F0}"
EndProject
Global
	GlobalSection(SolutionConfigurationPlatforms) = preSolution
		Debug|Any CPU = Debug|Any CPU
		Release|Any CPU = Release|Any CPU
	EndGlobalSection
	GlobalSection(ProjectConfigurationPlatforms) = postSolution
		{690FB083-FCD4-4F0D-8432-E2856EACD6F0}.Debug|Any CPU.ActiveCfg = Debug|Any CPU
		{690FB083-FCD4-4F0D-8432-E2856EACD6F0}.Debug|Any CPU.Build.0 = Debug|Any CPU
		{690FB083-FCD4-4F0D-8432-E2856EACD6F0}.Release|Any CPU.ActiveCfg = Release|Any CPU
		{690FB083-FCD4-4F0D-8432-E2856EACD6F0}.Release|Any CPU.Build.0 = Release|Any CPU
	EndGlobalSection
	GlobalSection(SolutionProperties) = preSolution
		HideSolutionNode = FALSE
	EndGlobalSection
	GlobalSection(ExtensibilityGlobals) = postSolution
		SolutionGuid = {EFF8AB55-9676-4FD4-B5A6-657F850453EC}
	EndGlobalSection
EndGlobal
