
Microsoft Visual Studio Solution File, Format Version 12.00
# Visual Studio Version 16
VisualStudioVersion = 16.0.29215.179
MinimumVisualStudioVersion = 10.0.40219.1
Project("{FAE04EC0-301F-11D3-BF4B-00C04F79EFBC}") = "PremutationWithRepetition", "PremutationWithRepetition\PremutationWithRepetition.csproj", "{6B561215-F730-4E19-B23E-FDD3CD6B69E8}"
EndProject
Global
	GlobalSection(SolutionConfigurationPlatforms) = preSolution
		Debug|Any CPU = Debug|Any CPU
		Release|Any CPU = Release|Any CPU
	EndGlobalSection
	GlobalSection(ProjectConfigurationPlatforms) = postSolution
		{6B561215-F730-4E19-B23E-FDD3CD6B69E8}.Debug|Any CPU.ActiveCfg = Debug|Any CPU
		{6B561215-F730-4E19-B23E-FDD3CD6B69E8}.Debug|Any CPU.Build.0 = Debug|Any CPU
		{6B561215-F730-4E19-B23E-FDD3CD6B69E8}.Release|Any CPU.ActiveCfg = Release|Any CPU
		{6B561215-F730-4E19-B23E-FDD3CD6B69E8}.Release|Any CPU.Build.0 = Release|Any CPU
	EndGlobalSection
	GlobalSection(SolutionProperties) = preSolution
		HideSolutionNode = FALSE
	EndGlobalSection
	GlobalSection(ExtensibilityGlobals) = postSolution
		SolutionGuid = {043CD72A-0A4A-45C0-A775-03121DE84FF8}
	EndGlobalSection
EndGlobal
