
Microsoft Visual Studio Solution File, Format Version 12.00
# Visual Studio Version 16
VisualStudioVersion = 16.0.29215.179
MinimumVisualStudioVersion = 10.0.40219.1
Project("{9A19103F-16F7-4668-BE54-9A1E7A4F7556}") = "Words", "ConsoleApp1\Words.csproj", "{2A1C0CA4-2669-4D53-B822-4E9808F3A72B}"
EndProject
Global
	GlobalSection(SolutionConfigurationPlatforms) = preSolution
		Debug|Any CPU = Debug|Any CPU
		Release|Any CPU = Release|Any CPU
	EndGlobalSection
	GlobalSection(ProjectConfigurationPlatforms) = postSolution
		{2A1C0CA4-2669-4D53-B822-4E9808F3A72B}.Debug|Any CPU.ActiveCfg = Debug|Any CPU
		{2A1C0CA4-2669-4D53-B822-4E9808F3A72B}.Debug|Any CPU.Build.0 = Debug|Any CPU
		{2A1C0CA4-2669-4D53-B822-4E9808F3A72B}.Release|Any CPU.ActiveCfg = Release|Any CPU
		{2A1C0CA4-2669-4D53-B822-4E9808F3A72B}.Release|Any CPU.Build.0 = Release|Any CPU
	EndGlobalSection
	GlobalSection(SolutionProperties) = preSolution
		HideSolutionNode = FALSE
	EndGlobalSection
	GlobalSection(ExtensibilityGlobals) = postSolution
		SolutionGuid = {CFCD37D3-71D3-40F1-A9C8-68D452AF955A}
	EndGlobalSection
EndGlobal
