
Microsoft Visual Studio Solution File, Format Version 12.00
# Visual Studio Version 16
VisualStudioVersion = 16.0.29102.190
MinimumVisualStudioVersion = 10.0.40219.1
Project("{FAE04EC0-301F-11D3-BF4B-00C04F79EFBC}") = "Sorting", "Sorting\Sorting.csproj", "{C1BDE399-F0EA-47BE-9C42-B8AB5CA0DF80}"
EndProject
Global
	GlobalSection(SolutionConfigurationPlatforms) = preSolution
		Debug|Any CPU = Debug|Any CPU
		Release|Any CPU = Release|Any CPU
	EndGlobalSection
	GlobalSection(ProjectConfigurationPlatforms) = postSolution
		{C1BDE399-F0EA-47BE-9C42-B8AB5CA0DF80}.Debug|Any CPU.ActiveCfg = Debug|Any CPU
		{C1BDE399-F0EA-47BE-9C42-B8AB5CA0DF80}.Debug|Any CPU.Build.0 = Debug|Any CPU
		{C1BDE399-F0EA-47BE-9C42-B8AB5CA0DF80}.Release|Any CPU.ActiveCfg = Release|Any CPU
		{C1BDE399-F0EA-47BE-9C42-B8AB5CA0DF80}.Release|Any CPU.Build.0 = Release|Any CPU
	EndGlobalSection
	GlobalSection(SolutionProperties) = preSolution
		HideSolutionNode = FALSE
	EndGlobalSection
	GlobalSection(ExtensibilityGlobals) = postSolution
		SolutionGuid = {677EA2C3-00A2-4A6F-B4D0-50F142696839}
	EndGlobalSection
EndGlobal
