
Microsoft Visual Studio Solution File, Format Version 12.00
# Visual Studio Version 16
VisualStudioVersion = 16.0.29215.179
MinimumVisualStudioVersion = 10.0.40219.1
Project("{FAE04EC0-301F-11D3-BF4B-00C04F79EFBC}") = "PermutationsWithoutRepetition", "PermutationsWithoutRepetition\PermutationsWithoutRepetition.csproj", "{EF9D31E8-C403-42D0-805A-23AF5468412D}"
EndProject
Global
	GlobalSection(SolutionConfigurationPlatforms) = preSolution
		Debug|Any CPU = Debug|Any CPU
		Release|Any CPU = Release|Any CPU
	EndGlobalSection
	GlobalSection(ProjectConfigurationPlatforms) = postSolution
		{EF9D31E8-C403-42D0-805A-23AF5468412D}.Debug|Any CPU.ActiveCfg = Debug|Any CPU
		{EF9D31E8-C403-42D0-805A-23AF5468412D}.Debug|Any CPU.Build.0 = Debug|Any CPU
		{EF9D31E8-C403-42D0-805A-23AF5468412D}.Release|Any CPU.ActiveCfg = Release|Any CPU
		{EF9D31E8-C403-42D0-805A-23AF5468412D}.Release|Any CPU.Build.0 = Release|Any CPU
	EndGlobalSection
	GlobalSection(SolutionProperties) = preSolution
		HideSolutionNode = FALSE
	EndGlobalSection
	GlobalSection(ExtensibilityGlobals) = postSolution
		SolutionGuid = {B0D36E34-7356-43B8-B2C2-56DDD5C7D7C9}
	EndGlobalSection
EndGlobal
